
Microsoft Visual Studio Solution File, Format Version 12.00
# Visual Studio Version 16
VisualStudioVersion = 16.0.31105.61
MinimumVisualStudioVersion = 10.0.40219.1
Project("{FAE04EC0-301F-11D3-BF4B-00C04F79EFBC}") = "Simona_Verifica4", "Simona_Verifica4\Simona_Verifica4.csproj", "{FECBA108-AD19-461A-BE74-EAF4155C4DE0}"
EndProject
Global
	GlobalSection(SolutionConfigurationPlatforms) = preSolution
		Debug|Any CPU = Debug|Any CPU
		Release|Any CPU = Release|Any CPU
	EndGlobalSection
	GlobalSection(ProjectConfigurationPlatforms) = postSolution
		{FECBA108-AD19-461A-BE74-EAF4155C4DE0}.Debug|Any CPU.ActiveCfg = Debug|Any CPU
		{FECBA108-AD19-461A-BE74-EAF4155C4DE0}.Debug|Any CPU.Build.0 = Debug|Any CPU
		{FECBA108-AD19-461A-BE74-EAF4155C4DE0}.Release|Any CPU.ActiveCfg = Release|Any CPU
		{FECBA108-AD19-461A-BE74-EAF4155C4DE0}.Release|Any CPU.Build.0 = Release|Any CPU
	EndGlobalSection
	GlobalSection(SolutionProperties) = preSolution
		HideSolutionNode = FALSE
	EndGlobalSection
	GlobalSection(ExtensibilityGlobals) = postSolution
		SolutionGuid = {01B9331B-9B13-459B-9955-E595D55D3A0C}
	EndGlobalSection
EndGlobal
